
Microsoft Visual Studio Solution File, Format Version 12.00
# Visual Studio 2013
VisualStudioVersion = 12.0.40629.0
MinimumVisualStudioVersion = 10.0.40219.1
Project("{FAE04EC0-301F-11D3-BF4B-00C04F79EFBC}") = "MarcelJoachimKloubert", "MarcelJoachimKloubert\MarcelJoachimKloubert.csproj", "{AA41D498-B0E8-4A52-A539-FD099ED51308}"
EndProject
Project("{FAE04EC0-301F-11D3-BF4B-00C04F79EFBC}") = "MarcelJoachimKloubert.Diagnostics.Tests", "MarcelJoachimKloubert.Diagnostics.Tests\MarcelJoachimKloubert.Diagnostics.Tests.csproj", "{681B8342-53EF-4A62-BE4D-BF6F90EEA289}"
EndProject
Project("{2150E333-8FDC-42A3-9474-1A3956D46DE8}") = "Debugger", "Debugger", "{CEB742CD-172F-4F4E-B20E-0AB78CF7B13D}"
EndProject
Project("{FAE04EC0-301F-11D3-BF4B-00C04F79EFBC}") = "MarcelJoachimKloubert.Diagnostics.HttpDebugger", "MarcelJoachimKloubert.Diagnostics.HttpDebugger\MarcelJoachimKloubert.Diagnostics.HttpDebugger.csproj", "{A7D2D980-39C7-4E5F-8242-93E21A5FF4FD}"
EndProject
Global
	GlobalSection(SolutionConfigurationPlatforms) = preSolution
		Debug|Any CPU = Debug|Any CPU
		Release|Any CPU = Release|Any CPU
	EndGlobalSection
	GlobalSection(ProjectConfigurationPlatforms) = postSolution
		{AA41D498-B0E8-4A52-A539-FD099ED51308}.Debug|Any CPU.ActiveCfg = Debug|Any CPU
		{AA41D498-B0E8-4A52-A539-FD099ED51308}.Debug|Any CPU.Build.0 = Debug|Any CPU
		{AA41D498-B0E8-4A52-A539-FD099ED51308}.Release|Any CPU.ActiveCfg = Release|Any CPU
		{AA41D498-B0E8-4A52-A539-FD099ED51308}.Release|Any CPU.Build.0 = Release|Any CPU
		{681B8342-53EF-4A62-BE4D-BF6F90EEA289}.Debug|Any CPU.ActiveCfg = Debug|Any CPU
		{681B8342-53EF-4A62-BE4D-BF6F90EEA289}.Debug|Any CPU.Build.0 = Debug|Any CPU
		{681B8342-53EF-4A62-BE4D-BF6F90EEA289}.Release|Any CPU.ActiveCfg = Release|Any CPU
		{681B8342-53EF-4A62-BE4D-BF6F90EEA289}.Release|Any CPU.Build.0 = Release|Any CPU
		{A7D2D980-39C7-4E5F-8242-93E21A5FF4FD}.Debug|Any CPU.ActiveCfg = Debug|Any CPU
		{A7D2D980-39C7-4E5F-8242-93E21A5FF4FD}.Debug|Any CPU.Build.0 = Debug|Any CPU
		{A7D2D980-39C7-4E5F-8242-93E21A5FF4FD}.Release|Any CPU.ActiveCfg = Release|Any CPU
		{A7D2D980-39C7-4E5F-8242-93E21A5FF4FD}.Release|Any CPU.Build.0 = Release|Any CPU
	EndGlobalSection
	GlobalSection(SolutionProperties) = preSolution
		HideSolutionNode = FALSE
	EndGlobalSection
	GlobalSection(NestedProjects) = preSolution
		{A7D2D980-39C7-4E5F-8242-93E21A5FF4FD} = {CEB742CD-172F-4F4E-B20E-0AB78CF7B13D}
	EndGlobalSection
EndGlobal
